
Microsoft Visual Studio Solution File, Format Version 12.00
# Visual Studio Version 16
VisualStudioVersion = 16.0.29613.14
MinimumVisualStudioVersion = 10.0.40219.1
Project("{FAE04EC0-301F-11D3-BF4B-00C04F79EFBC}") = "DailyTasks", "DailyTasks\DailyTasks.csproj", "{C4CF7AED-EA9D-484A-9055-2495A70BD060}"
EndProject
Global
	GlobalSection(SolutionConfigurationPlatforms) = preSolution
		Debug|Any CPU = Debug|Any CPU
		Release|Any CPU = Release|Any CPU
	EndGlobalSection
	GlobalSection(ProjectConfigurationPlatforms) = postSolution
		{C4CF7AED-EA9D-484A-9055-2495A70BD060}.Debug|Any CPU.ActiveCfg = Debug|Any CPU
		{C4CF7AED-EA9D-484A-9055-2495A70BD060}.Debug|Any CPU.Build.0 = Debug|Any CPU
		{C4CF7AED-EA9D-484A-9055-2495A70BD060}.Release|Any CPU.ActiveCfg = Release|Any CPU
		{C4CF7AED-EA9D-484A-9055-2495A70BD060}.Release|Any CPU.Build.0 = Release|Any CPU
	EndGlobalSection
	GlobalSection(SolutionProperties) = preSolution
		HideSolutionNode = FALSE
	EndGlobalSection
	GlobalSection(ExtensibilityGlobals) = postSolution
		SolutionGuid = {D9E1127B-6F71-4045-B192-6B06EDB03C61}
	EndGlobalSection
EndGlobal
